<Solution>
  <Folder Name="/src/">
    <Project Path="src/DimensionSync.csproj" />
  </Folder>
  <Folder Name="/test/">
    <Project Path="test/DimensionSync.Tests/DimensionSync.Tests.csproj" />
    <Project Path="test/DimensionSync.GameTests/DimensionSync.GameTests.csproj" />
  </Folder>
</Solution>
